
Microsoft Visual Studio Solution File, Format Version 12.00
# Visual Studio Version 17
VisualStudioVersion = 17.4.33205.214
MinimumVisualStudioVersion = 10.0.40219.1
Project("{FAE04EC0-301F-11D3-BF4B-00C04F79EFBC}") = "Login", "Login.csproj", "{46C421B3-6B82-44F8-9E34-88599AEEB930}"
EndProject
Project("{FAE04EC0-301F-11D3-BF4B-00C04F79EFBC}") = "Vendedor", "..\Vendedor\Vendedor.csproj", "{B14424EC-AB22-4EFB-9B97-5A07DE3507D2}"
EndProject
Project("{FAE04EC0-301F-11D3-BF4B-00C04F79EFBC}") = "Cliente", "..\Cliente\Cliente.csproj", "{8B76F7E5-A5B3-44ED-B560-3BA7D6F2CA46}"
EndProject
Global
	GlobalSection(SolutionConfigurationPlatforms) = preSolution
		Debug|Any CPU = Debug|Any CPU
		Release|Any CPU = Release|Any CPU
	EndGlobalSection
	GlobalSection(ProjectConfigurationPlatforms) = postSolution
		{46C421B3-6B82-44F8-9E34-88599AEEB930}.Debug|Any CPU.ActiveCfg = Debug|Any CPU
		{46C421B3-6B82-44F8-9E34-88599AEEB930}.Debug|Any CPU.Build.0 = Debug|Any CPU
		{46C421B3-6B82-44F8-9E34-88599AEEB930}.Release|Any CPU.ActiveCfg = Release|Any CPU
		{46C421B3-6B82-44F8-9E34-88599AEEB930}.Release|Any CPU.Build.0 = Release|Any CPU
		{B14424EC-AB22-4EFB-9B97-5A07DE3507D2}.Debug|Any CPU.ActiveCfg = Debug|Any CPU
		{B14424EC-AB22-4EFB-9B97-5A07DE3507D2}.Debug|Any CPU.Build.0 = Debug|Any CPU
		{B14424EC-AB22-4EFB-9B97-5A07DE3507D2}.Release|Any CPU.ActiveCfg = Release|Any CPU
		{B14424EC-AB22-4EFB-9B97-5A07DE3507D2}.Release|Any CPU.Build.0 = Release|Any CPU
		{8B76F7E5-A5B3-44ED-B560-3BA7D6F2CA46}.Debug|Any CPU.ActiveCfg = Debug|Any CPU
		{8B76F7E5-A5B3-44ED-B560-3BA7D6F2CA46}.Debug|Any CPU.Build.0 = Debug|Any CPU
		{8B76F7E5-A5B3-44ED-B560-3BA7D6F2CA46}.Release|Any CPU.ActiveCfg = Release|Any CPU
		{8B76F7E5-A5B3-44ED-B560-3BA7D6F2CA46}.Release|Any CPU.Build.0 = Release|Any CPU
	EndGlobalSection
	GlobalSection(SolutionProperties) = preSolution
		HideSolutionNode = FALSE
	EndGlobalSection
	GlobalSection(ExtensibilityGlobals) = postSolution
		SolutionGuid = {73804AAA-D3B8-4B0B-88A5-0109AEF7100D}
	EndGlobalSection
EndGlobal
