
Microsoft Visual Studio Solution File, Format Version 12.00
# Visual Studio Version 17
VisualStudioVersion = 17.4.33205.214
MinimumVisualStudioVersion = 10.0.40219.1
Project("{9A19103F-16F7-4668-BE54-9A1E7A4F7556}") = "Login", "Login.csproj", "{46C421B3-6B82-44F8-9E34-88599AEEB930}"
EndProject
Project("{FAE04EC0-301F-11D3-BF4B-00C04F79EFBC}") = "Biblioteca_Carniceria", "..\Biblioteca_Carniceria\Biblioteca_Carniceria.csproj", "{F5B679D3-07BF-4AF3-BE24-47B009F254E5}"
EndProject
Global
	GlobalSection(SolutionConfigurationPlatforms) = preSolution
		Debug|Any CPU = Debug|Any CPU
		Release|Any CPU = Release|Any CPU
	EndGlobalSection
	GlobalSection(ProjectConfigurationPlatforms) = postSolution
		{46C421B3-6B82-44F8-9E34-88599AEEB930}.Debug|Any CPU.ActiveCfg = Debug|Any CPU
		{46C421B3-6B82-44F8-9E34-88599AEEB930}.Debug|Any CPU.Build.0 = Debug|Any CPU
		{46C421B3-6B82-44F8-9E34-88599AEEB930}.Release|Any CPU.ActiveCfg = Release|Any CPU
		{46C421B3-6B82-44F8-9E34-88599AEEB930}.Release|Any CPU.Build.0 = Release|Any CPU
		{F5B679D3-07BF-4AF3-BE24-47B009F254E5}.Debug|Any CPU.ActiveCfg = Debug|Any CPU
		{F5B679D3-07BF-4AF3-BE24-47B009F254E5}.Debug|Any CPU.Build.0 = Debug|Any CPU
		{F5B679D3-07BF-4AF3-BE24-47B009F254E5}.Release|Any CPU.ActiveCfg = Release|Any CPU
		{F5B679D3-07BF-4AF3-BE24-47B009F254E5}.Release|Any CPU.Build.0 = Release|Any CPU
	EndGlobalSection
	GlobalSection(SolutionProperties) = preSolution
		HideSolutionNode = FALSE
	EndGlobalSection
	GlobalSection(ExtensibilityGlobals) = postSolution
		SolutionGuid = {73804AAA-D3B8-4B0B-88A5-0109AEF7100D}
	EndGlobalSection
EndGlobal
